
Microsoft Visual Studio Solution File, Format Version 12.00
# Visual Studio Version 16
VisualStudioVersion = 16.0.31205.134
MinimumVisualStudioVersion = 10.0.40219.1
Project("{FAE04EC0-301F-11D3-BF4B-00C04F79EFBC}") = "Task_01", "Task_01\Task_01.csproj", "{56541AA0-90C4-4DE0-900B-E4A76C792AFB}"
EndProject
Global
	GlobalSection(SolutionConfigurationPlatforms) = preSolution
		Debug|Any CPU = Debug|Any CPU
		Release|Any CPU = Release|Any CPU
	EndGlobalSection
	GlobalSection(ProjectConfigurationPlatforms) = postSolution
		{56541AA0-90C4-4DE0-900B-E4A76C792AFB}.Debug|Any CPU.ActiveCfg = Debug|Any CPU
		{56541AA0-90C4-4DE0-900B-E4A76C792AFB}.Debug|Any CPU.Build.0 = Debug|Any CPU
		{56541AA0-90C4-4DE0-900B-E4A76C792AFB}.Release|Any CPU.ActiveCfg = Release|Any CPU
		{56541AA0-90C4-4DE0-900B-E4A76C792AFB}.Release|Any CPU.Build.0 = Release|Any CPU
	EndGlobalSection
	GlobalSection(SolutionProperties) = preSolution
		HideSolutionNode = FALSE
	EndGlobalSection
	GlobalSection(ExtensibilityGlobals) = postSolution
		SolutionGuid = {13C26330-F960-4C3D-84AB-97F4F1275CA3}
	EndGlobalSection
EndGlobal
