
Microsoft Visual Studio Solution File, Format Version 12.00
# Visual Studio Version 16
VisualStudioVersion = 16.0.31313.79
MinimumVisualStudioVersion = 10.0.40219.1
Project("{FAE04EC0-301F-11D3-BF4B-00C04F79EFBC}") = "Task_01", "Task_01\Task_01.csproj", "{3ABD86F3-7B1C-4D62-BE74-480882ECA44D}"
EndProject
Global
	GlobalSection(SolutionConfigurationPlatforms) = preSolution
		Debug|Any CPU = Debug|Any CPU
		Release|Any CPU = Release|Any CPU
	EndGlobalSection
	GlobalSection(ProjectConfigurationPlatforms) = postSolution
		{3ABD86F3-7B1C-4D62-BE74-480882ECA44D}.Debug|Any CPU.ActiveCfg = Debug|Any CPU
		{3ABD86F3-7B1C-4D62-BE74-480882ECA44D}.Debug|Any CPU.Build.0 = Debug|Any CPU
		{3ABD86F3-7B1C-4D62-BE74-480882ECA44D}.Release|Any CPU.ActiveCfg = Release|Any CPU
		{3ABD86F3-7B1C-4D62-BE74-480882ECA44D}.Release|Any CPU.Build.0 = Release|Any CPU
	EndGlobalSection
	GlobalSection(SolutionProperties) = preSolution
		HideSolutionNode = FALSE
	EndGlobalSection
	GlobalSection(ExtensibilityGlobals) = postSolution
		SolutionGuid = {54581979-5490-4043-9864-A9FB71DC30DC}
	EndGlobalSection
EndGlobal
